
Microsoft Visual Studio Solution File, Format Version 12.00
# Visual Studio Version 16
VisualStudioVersion = 16.0.30804.86
MinimumVisualStudioVersion = 10.0.40219.1
Project("{9A19103F-16F7-4668-BE54-9A1E7A4F7556}") = "Dutchtreat", "Dutchtreat.csproj", "{C8126A40-EE59-4794-A291-59E5D3A58FFF}"
EndProject
Global
	GlobalSection(SolutionConfigurationPlatforms) = preSolution
		Debug|Any CPU = Debug|Any CPU
		Release|Any CPU = Release|Any CPU
	EndGlobalSection
	GlobalSection(ProjectConfigurationPlatforms) = postSolution
		{C8126A40-EE59-4794-A291-59E5D3A58FFF}.Debug|Any CPU.ActiveCfg = Debug|Any CPU
		{C8126A40-EE59-4794-A291-59E5D3A58FFF}.Debug|Any CPU.Build.0 = Debug|Any CPU
		{C8126A40-EE59-4794-A291-59E5D3A58FFF}.Release|Any CPU.ActiveCfg = Release|Any CPU
		{C8126A40-EE59-4794-A291-59E5D3A58FFF}.Release|Any CPU.Build.0 = Release|Any CPU
	EndGlobalSection
	GlobalSection(SolutionProperties) = preSolution
		HideSolutionNode = FALSE
	EndGlobalSection
	GlobalSection(ExtensibilityGlobals) = postSolution
		SolutionGuid = {0D7F030C-422D-40FE-9442-518EA7467573}
	EndGlobalSection
EndGlobal
